PODS:
  - Kingfisher (7.4.0)
  - shared (1.0)

DEPENDENCIES:
  - Kingfisher (~> 7.0)
  - shared (from `../shared`)

SPEC REPOS:
  trunk:
    - Kingfisher

EXTERNAL SOURCES:
  shared:
    :path: "../shared"

SPEC CHECKSUMS:
  Kingfisher: 596b207973051aae5e4c54a1c1cb39837ea10d36
  shared: c7e0d8793387c2ec38ba1bdf10a5552be9104ee1

PODFILE CHECKSUM: c91647c0c604e240457f8f59715c4a07f175608d

COCOAPODS: 1.11.3
